
Microsoft Visual Studio Solution File, Format Version 12.00
# Visual Studio Version 17
VisualStudioVersion = 17.14.36511.14 d17.14
MinimumVisualStudioVersion = 10.0.40219.1
Project("{2150E333-8FDC-42A3-9474-1A3956D46DE8}") = "Task0", "Task0", "{02EA681E-C7D8-13C7-8484-4AC65E1B71E8}"
EndProject
Project("{FAE04EC0-301F-11D3-BF4B-00C04F79EFBC}") = "Tyuiu.KarnaukhovDA.Sprint3.Task0.V22", "Tyuiu.KarnaukhovDA.Sprint3.Task0.V22\Tyuiu.KarnaukhovDA.Sprint3.Task0.V22.csproj", "{B8410A29-3C01-4375-9913-99C7EC85C2AD}"
EndProject
Project("{FAE04EC0-301F-11D3-BF4B-00C04F79EFBC}") = "Tyuiu.KarnaukhovDA.Sprint3.Task0.V22.Lib", "Tyuiu.KarnaukhovDA.Sprint3.Task0.V22.Lib\Tyuiu.KarnaukhovDA.Sprint3.Task0.V22.Lib.csproj", "{A3ECCB77-E5F3-4206-8D0F-102B84597056}"
EndProject
Project("{FAE04EC0-301F-11D3-BF4B-00C04F79EFBC}") = "Tyuiu.KarnaukhovDA.Sprint3.Task0.V22.Test", "Tyuiu.KarnaukhovDA.Sprint3.Task0.V22.Test\Tyuiu.KarnaukhovDA.Sprint3.Task0.V22.Test.csproj", "{F945DECA-9508-40CB-AE17-5D8480C2F12F}"
EndProject
Global
	GlobalSection(SolutionConfigurationPlatforms) = preSolution
		Debug|Any CPU = Debug|Any CPU
		Release|Any CPU = Release|Any CPU
	EndGlobalSection
	GlobalSection(ProjectConfigurationPlatforms) = postSolution
		{B8410A29-3C01-4375-9913-99C7EC85C2AD}.Debug|Any CPU.ActiveCfg = Debug|Any CPU
		{B8410A29-3C01-4375-9913-99C7EC85C2AD}.Debug|Any CPU.Build.0 = Debug|Any CPU
		{B8410A29-3C01-4375-9913-99C7EC85C2AD}.Release|Any CPU.ActiveCfg = Release|Any CPU
		{B8410A29-3C01-4375-9913-99C7EC85C2AD}.Release|Any CPU.Build.0 = Release|Any CPU
		{A3ECCB77-E5F3-4206-8D0F-102B84597056}.Debug|Any CPU.ActiveCfg = Debug|Any CPU
		{A3ECCB77-E5F3-4206-8D0F-102B84597056}.Debug|Any CPU.Build.0 = Debug|Any CPU
		{A3ECCB77-E5F3-4206-8D0F-102B84597056}.Release|Any CPU.ActiveCfg = Release|Any CPU
		{A3ECCB77-E5F3-4206-8D0F-102B84597056}.Release|Any CPU.Build.0 = Release|Any CPU
		{F945DECA-9508-40CB-AE17-5D8480C2F12F}.Debug|Any CPU.ActiveCfg = Debug|Any CPU
		{F945DECA-9508-40CB-AE17-5D8480C2F12F}.Debug|Any CPU.Build.0 = Debug|Any CPU
		{F945DECA-9508-40CB-AE17-5D8480C2F12F}.Release|Any CPU.ActiveCfg = Release|Any CPU
		{F945DECA-9508-40CB-AE17-5D8480C2F12F}.Release|Any CPU.Build.0 = Release|Any CPU
	EndGlobalSection
	GlobalSection(SolutionProperties) = preSolution
		HideSolutionNode = FALSE
	EndGlobalSection
	GlobalSection(NestedProjects) = preSolution
		{B8410A29-3C01-4375-9913-99C7EC85C2AD} = {02EA681E-C7D8-13C7-8484-4AC65E1B71E8}
		{A3ECCB77-E5F3-4206-8D0F-102B84597056} = {02EA681E-C7D8-13C7-8484-4AC65E1B71E8}
		{F945DECA-9508-40CB-AE17-5D8480C2F12F} = {02EA681E-C7D8-13C7-8484-4AC65E1B71E8}
	EndGlobalSection
	GlobalSection(ExtensibilityGlobals) = postSolution
		SolutionGuid = {1CF45BFF-1069-4724-8FBB-0CEC0BD6EE7C}
	EndGlobalSection
EndGlobal
