
Microsoft Visual Studio Solution File, Format Version 12.00
# Visual Studio Version 17
VisualStudioVersion = 17.14.36511.14
MinimumVisualStudioVersion = 10.0.40219.1
Project("{2150E333-8FDC-42A3-9474-1A3956D46DE8}") = "Task0", "Task0", "{02EA681E-C7D8-13C7-8484-4AC65E1B71E8}"
EndProject
Project("{FAE04EC0-301F-11D3-BF4B-00C04F79EFBC}") = "Tyuiu.KarnaukhovDA.Sprint3.Task0.V22", "Tyuiu.KarnaukhovDA.Sprint3.Task0.V22\Tyuiu.KarnaukhovDA.Sprint3.Task0.V22.csproj", "{B8410A29-3C01-4375-9913-99C7EC85C2AD}"
EndProject
Project("{FAE04EC0-301F-11D3-BF4B-00C04F79EFBC}") = "Tyuiu.KarnaukhovDA.Sprint3.Task0.V22.Lib", "Tyuiu.KarnaukhovDA.Sprint3.Task0.V22.Lib\Tyuiu.KarnaukhovDA.Sprint3.Task0.V22.Lib.csproj", "{A3ECCB77-E5F3-4206-8D0F-102B84597056}"
EndProject
Project("{FAE04EC0-301F-11D3-BF4B-00C04F79EFBC}") = "Tyuiu.KarnaukhovDA.Sprint3.Task0.V22.Test", "Tyuiu.KarnaukhovDA.Sprint3.Task0.V22.Test\Tyuiu.KarnaukhovDA.Sprint3.Task0.V22.Test.csproj", "{F945DECA-9508-40CB-AE17-5D8480C2F12F}"
EndProject
Project("{2150E333-8FDC-42A3-9474-1A3956D46DE8}") = "Task1", "Task1", "{002DB1CD-EF41-4975-A2FB-0985F9BA01BF}"
EndProject
Project("{FAE04EC0-301F-11D3-BF4B-00C04F79EFBC}") = "Tyuiu.KarnaukhovDA.Sprint3.Task1.V14", "Tyuiu.KarnaukhovDA.Sprint3.Task1.V14\Tyuiu.KarnaukhovDA.Sprint3.Task1.V14.csproj", "{30D64AC0-0F0C-4F8A-AE1D-57E65D92839A}"
EndProject
Project("{FAE04EC0-301F-11D3-BF4B-00C04F79EFBC}") = "Tyuiu.KarnaukhovDA.Sprint3.Task1.V14.Lib", "Tyuiu.KarnaukhovDA.Sprint3.Task1.V14.Lib\Tyuiu.KarnaukhovDA.Sprint3.Task1.V14.Lib.csproj", "{F24EB657-C729-4442-8E82-04BB25326C9B}"
EndProject
Project("{FAE04EC0-301F-11D3-BF4B-00C04F79EFBC}") = "Tyuiu.KarnaukhovDA.Sprint3.Task1.V14.Test", "Tyuiu.KarnaukhovDA.Sprint3.Task1.V14.Test\Tyuiu.KarnaukhovDA.Sprint3.Task1.V14.Test.csproj", "{D91F6C77-A0F6-4EFE-B72B-7A70B4DECDA4}"
EndProject
Project("{2150E333-8FDC-42A3-9474-1A3956D46DE8}") = "Task2", "Task2", "{BB4EE7AC-6E54-4942-8CD4-CA3DE974A9A8}"
EndProject
Project("{FAE04EC0-301F-11D3-BF4B-00C04F79EFBC}") = "Tyuiu.KarnaukhovDA.Sprint3.Task2.V14", "Tyuiu.KarnaukhovDA.Sprint3.Task2.V14\Tyuiu.KarnaukhovDA.Sprint3.Task2.V14.csproj", "{7AE10089-65BC-4750-A9C4-D18A83386B99}"
EndProject
Project("{FAE04EC0-301F-11D3-BF4B-00C04F79EFBC}") = "Tyuiu.KarnaukhovDA.Sprint3.Task2.V14.Lib", "Tyuiu.KarnaukhovDA.Sprint3.Task2.V14.Lib\Tyuiu.KarnaukhovDA.Sprint3.Task2.V14.Lib.csproj", "{8DA7066B-51ED-4B5E-A3B5-065B8BD4368A}"
EndProject
Project("{FAE04EC0-301F-11D3-BF4B-00C04F79EFBC}") = "Tyuiu.KarnaukhovDA.Sprint3.Task2.V14.Test", "Tyuiu.KarnaukhovDA.Sprint3.Task2.V14.Test\Tyuiu.KarnaukhovDA.Sprint3.Task2.V14.Test.csproj", "{C0FD73C8-3AD9-41A8-A1B7-CE2D8CF28FAA}"
EndProject
Global
	GlobalSection(SolutionConfigurationPlatforms) = preSolution
		Debug|Any CPU = Debug|Any CPU
		Release|Any CPU = Release|Any CPU
	EndGlobalSection
	GlobalSection(ProjectConfigurationPlatforms) = postSolution
		{B8410A29-3C01-4375-9913-99C7EC85C2AD}.Debug|Any CPU.ActiveCfg = Debug|Any CPU
		{B8410A29-3C01-4375-9913-99C7EC85C2AD}.Debug|Any CPU.Build.0 = Debug|Any CPU
		{B8410A29-3C01-4375-9913-99C7EC85C2AD}.Release|Any CPU.ActiveCfg = Release|Any CPU
		{B8410A29-3C01-4375-9913-99C7EC85C2AD}.Release|Any CPU.Build.0 = Release|Any CPU
		{A3ECCB77-E5F3-4206-8D0F-102B84597056}.Debug|Any CPU.ActiveCfg = Debug|Any CPU
		{A3ECCB77-E5F3-4206-8D0F-102B84597056}.Debug|Any CPU.Build.0 = Debug|Any CPU
		{A3ECCB77-E5F3-4206-8D0F-102B84597056}.Release|Any CPU.ActiveCfg = Release|Any CPU
		{A3ECCB77-E5F3-4206-8D0F-102B84597056}.Release|Any CPU.Build.0 = Release|Any CPU
		{F945DECA-9508-40CB-AE17-5D8480C2F12F}.Debug|Any CPU.ActiveCfg = Debug|Any CPU
		{F945DECA-9508-40CB-AE17-5D8480C2F12F}.Debug|Any CPU.Build.0 = Debug|Any CPU
		{F945DECA-9508-40CB-AE17-5D8480C2F12F}.Release|Any CPU.ActiveCfg = Release|Any CPU
		{F945DECA-9508-40CB-AE17-5D8480C2F12F}.Release|Any CPU.Build.0 = Release|Any CPU
		{30D64AC0-0F0C-4F8A-AE1D-57E65D92839A}.Debug|Any CPU.ActiveCfg = Debug|Any CPU
		{30D64AC0-0F0C-4F8A-AE1D-57E65D92839A}.Debug|Any CPU.Build.0 = Debug|Any CPU
		{30D64AC0-0F0C-4F8A-AE1D-57E65D92839A}.Release|Any CPU.ActiveCfg = Release|Any CPU
		{30D64AC0-0F0C-4F8A-AE1D-57E65D92839A}.Release|Any CPU.Build.0 = Release|Any CPU
		{F24EB657-C729-4442-8E82-04BB25326C9B}.Debug|Any CPU.ActiveCfg = Debug|Any CPU
		{F24EB657-C729-4442-8E82-04BB25326C9B}.Debug|Any CPU.Build.0 = Debug|Any CPU
		{F24EB657-C729-4442-8E82-04BB25326C9B}.Release|Any CPU.ActiveCfg = Release|Any CPU
		{F24EB657-C729-4442-8E82-04BB25326C9B}.Release|Any CPU.Build.0 = Release|Any CPU
		{D91F6C77-A0F6-4EFE-B72B-7A70B4DECDA4}.Debug|Any CPU.ActiveCfg = Debug|Any CPU
		{D91F6C77-A0F6-4EFE-B72B-7A70B4DECDA4}.Debug|Any CPU.Build.0 = Debug|Any CPU
		{D91F6C77-A0F6-4EFE-B72B-7A70B4DECDA4}.Release|Any CPU.ActiveCfg = Release|Any CPU
		{D91F6C77-A0F6-4EFE-B72B-7A70B4DECDA4}.Release|Any CPU.Build.0 = Release|Any CPU
		{7AE10089-65BC-4750-A9C4-D18A83386B99}.Debug|Any CPU.ActiveCfg = Debug|Any CPU
		{7AE10089-65BC-4750-A9C4-D18A83386B99}.Debug|Any CPU.Build.0 = Debug|Any CPU
		{7AE10089-65BC-4750-A9C4-D18A83386B99}.Release|Any CPU.ActiveCfg = Release|Any CPU
		{7AE10089-65BC-4750-A9C4-D18A83386B99}.Release|Any CPU.Build.0 = Release|Any CPU
		{8DA7066B-51ED-4B5E-A3B5-065B8BD4368A}.Debug|Any CPU.ActiveCfg = Debug|Any CPU
		{8DA7066B-51ED-4B5E-A3B5-065B8BD4368A}.Debug|Any CPU.Build.0 = Debug|Any CPU
		{8DA7066B-51ED-4B5E-A3B5-065B8BD4368A}.Release|Any CPU.ActiveCfg = Release|Any CPU
		{8DA7066B-51ED-4B5E-A3B5-065B8BD4368A}.Release|Any CPU.Build.0 = Release|Any CPU
		{C0FD73C8-3AD9-41A8-A1B7-CE2D8CF28FAA}.Debug|Any CPU.ActiveCfg = Debug|Any CPU
		{C0FD73C8-3AD9-41A8-A1B7-CE2D8CF28FAA}.Debug|Any CPU.Build.0 = Debug|Any CPU
		{C0FD73C8-3AD9-41A8-A1B7-CE2D8CF28FAA}.Release|Any CPU.ActiveCfg = Release|Any CPU
		{C0FD73C8-3AD9-41A8-A1B7-CE2D8CF28FAA}.Release|Any CPU.Build.0 = Release|Any CPU
	EndGlobalSection
	GlobalSection(SolutionProperties) = preSolution
		HideSolutionNode = FALSE
	EndGlobalSection
	GlobalSection(NestedProjects) = preSolution
		{B8410A29-3C01-4375-9913-99C7EC85C2AD} = {02EA681E-C7D8-13C7-8484-4AC65E1B71E8}
		{A3ECCB77-E5F3-4206-8D0F-102B84597056} = {02EA681E-C7D8-13C7-8484-4AC65E1B71E8}
		{F945DECA-9508-40CB-AE17-5D8480C2F12F} = {02EA681E-C7D8-13C7-8484-4AC65E1B71E8}
		{30D64AC0-0F0C-4F8A-AE1D-57E65D92839A} = {002DB1CD-EF41-4975-A2FB-0985F9BA01BF}
		{F24EB657-C729-4442-8E82-04BB25326C9B} = {002DB1CD-EF41-4975-A2FB-0985F9BA01BF}
		{D91F6C77-A0F6-4EFE-B72B-7A70B4DECDA4} = {002DB1CD-EF41-4975-A2FB-0985F9BA01BF}
		{7AE10089-65BC-4750-A9C4-D18A83386B99} = {BB4EE7AC-6E54-4942-8CD4-CA3DE974A9A8}
		{8DA7066B-51ED-4B5E-A3B5-065B8BD4368A} = {BB4EE7AC-6E54-4942-8CD4-CA3DE974A9A8}
		{C0FD73C8-3AD9-41A8-A1B7-CE2D8CF28FAA} = {BB4EE7AC-6E54-4942-8CD4-CA3DE974A9A8}
	EndGlobalSection
	GlobalSection(ExtensibilityGlobals) = postSolution
		SolutionGuid = {1CF45BFF-1069-4724-8FBB-0CEC0BD6EE7C}
	EndGlobalSection
EndGlobal
